// !$*UTF8*$!
{
	archiveVersion = 1;
	classes = {
	};
	objectVersion = 46;
	objects = {

/* Begin PBXBuildFile section */
		7CFD24741A794323004E9259 /* main.m in Sources */ = {isa = PBXBuildFile; fileRef = 7CFD24731A794323004E9259 /* main.m */; };
		7CFD24771A794323004E9259 /* AppDelegate.m in Sources */ = {isa = PBXBuildFile; fileRef = 7CFD24761A794323004E9259 /* AppDelegate.m */; };
		7CFD247A1A794323004E9259 /* FirstViewController.m in Sources */ = {isa = PBXBuildFile; fileRef = 7CFD24791A794323004E9259 /* FirstViewController.m */; };
		7CFD247D1A794323004E9259 /* SecondViewController.m in Sources */ = {isa = PBXBuildFile; fileRef = 7CFD247C1A794323004E9259 /* SecondViewController.m */; };
		7CFD24801A794323004E9259 /* Main.storyboard in Resources */ = {isa = PBXBuildFile; fileRef = 7CFD247E1A794323004E9259 /* Main.storyboard */; };
		7CFD24821A794323004E9259 /* Images.xcassets in Resources */ = {isa = PBXBuildFile; fileRef = 7CFD24811A794323004E9259 /* Images.xcassets */; };
		7CFD24851A794323004E9259 /* LaunchScreen.xib in Resources */ = {isa = PBXBuildFile; fileRef = 7CFD24831A794323004E9259 /* LaunchScreen.xib */; };
		7CFD24911A794323004E9259 /* Food_AppTests.m in Sources */ = {isa = PBXBuildFile; fileRef = 7CFD24901A794323004E9259 /* Food_AppTests.m */; };
/* End PBXBuildFile section */

/* Begin PBXContainerItemProxy section */
		7CFD248B1A794323004E9259 /* PBXContainerItemProxy */ = {
			isa = PBXContainerItemProxy;
			containerPortal = 7CFD24661A794323004E9259 /* Project object */;
			proxyType = 1;
			remoteGlobalIDString = 7CFD246D1A794323004E9259;
			remoteInfo = "Food App";
		};
/* End PBXContainerItemProxy section */

/* Begin PBXFileReference section */
		7CFD246E1A794323004E9259 /* Food App.app */ = {isa = PBXFileReference; explicitFileType = wrapper.application; includeInIndex = 0; path = "Food App.app"; sourceTree = BUILT_PRODUCTS_DIR; };
		7CFD24721A794323004E9259 /* Info.plist */ = {isa = PBXFileReference; lastKnownFileType = text.plist.xml; path = Info.plist; sourceTree = "<group>"; };
		7CFD24731A794323004E9259 /* main.m */ = {isa = PBXFileReference; lastKnownFileType = sourcecode.c.objc; path = main.m; sourceTree = "<group>"; };
		7CFD24751A794323004E9259 /* AppDelegate.h */ = {isa = PBXFileReference; lastKnownFileType = sourcecode.c.h; path = AppDelegate.h; sourceTree = "<group>"; };
		7CFD24761A794323004E9259 /* AppDelegate.m */ = {isa = PBXFileReference; lastKnownFileType = sourcecode.c.objc; path = AppDelegate.m; sourceTree = "<group>"; };
		7CFD24781A794323004E9259 /* FirstViewController.h */ = {isa = PBXFileReference; lastKnownFileType = sourcecode.c.h; path = FirstViewController.h; sourceTree = "<group>"; };
		7CFD24791A794323004E9259 /* FirstViewController.m */ = {isa = PBXFileReference; lastKnownFileType = sourcecode.c.objc; path = FirstViewController.m; sourceTree = "<group>"; };
		7CFD247B1A794323004E9259 /* SecondViewController.h */ = {isa = PBXFileReference; lastKnownFileType = sourcecode.c.h; path = SecondViewController.h; sourceTree = "<group>"; };
		7CFD247C1A794323004E9259 /* SecondViewController.m */ = {isa = PBXFileReference; lastKnownFileType = sourcecode.c.objc; path = SecondViewController.m; sourceTree = "<group>"; };
		7CFD247F1A794323004E9259 /* Base */ = {isa = PBXFileReference; lastKnownFileType = file.storyboard; name = Base; path = Base.lproj/Main.storyboard; sourceTree = "<group>"; };
		7CFD24811A794323004E9259 /* Images.xcassets */ = {isa = PBXFileReference; lastKnownFileType = folder.assetcatalog; path = Images.xcassets; sourceTree = "<group>"; };
		7CFD24841A794323004E9259 /* Base */ = {isa = PBXFileReference; lastKnownFileType = file.xib; name = Base; path = Base.lproj/LaunchScreen.xib; sourceTree = "<group>"; };
		7CFD248A1A794323004E9259 /* Food AppTests.xctest */ = {isa = PBXFileReference; explicitFileType = wrapper.cfbundle; includeInIndex = 0; path = "Food AppTests.xctest"; sourceTree = BUILT_PRODUCTS_DIR; };
		7CFD248F1A794323004E9259 /* Info.plist */ = {isa = PBXFileReference; lastKnownFileType = text.plist.xml; path = Info.plist; sourceTree = "<group>"; };
		7CFD24901A794323004E9259 /* Food_AppTests.m */ = {isa = PBXFileReference; lastKnownFileType = sourcecode.c.objc; path = Food_AppTests.m; sourceTree = "<group>"; };
/* End PBXFileReference section */

/* Begin PBXFrameworksBuildPhase section */
		7CFD246B1A794323004E9259 /* Frameworks */ = {
			isa = PBXFrameworksBuildPhase;
			buildActionMask = 2147483647;
			files = (
			);
			runOnlyForDeploymentPostprocessing = 0;
		};
		7CFD24871A794323004E9259 /* Frameworks */ = {
			isa = PBXFrameworksBuildPhase;
			buildActionMask = 2147483647;
			files = (
			);
			runOnlyForDeploymentPostprocessing = 0;
		};
/* End PBXFrameworksBuildPhase section */

/* Begin PBXGroup section */
		7CFD24651A794323004E9259 = {
			isa = PBXGroup;
			children = (
				7CFD24701A794323004E9259 /* Food App */,
				7CFD248D1A794323004E9259 /* Food AppTests */,
				7CFD246F1A794323004E9259 /* Products */,
			);
			sourceTree = "<group>";
		};
		7CFD246F1A794323004E9259 /* Products */ = {
			isa = PBXGroup;
			children = (
				7CFD246E1A794323004E9259 /* Food App.app */,
				7CFD248A1A794323004E9259 /* Food AppTests.xctest */,
			);
			name = Products;
			sourceTree = "<group>";
		};
		7CFD24701A794323004E9259 /* Food App */ = {
			isa = PBXGroup;
			children = (
				7CFD24751A794323004E9259 /* AppDelegate.h */,
				7CFD24761A794323004E9259 /* AppDelegate.m */,
				7CFD24781A794323004E9259 /* FirstViewController.h */,
				7CFD24791A794323004E9259 /* FirstViewController.m */,
				7CFD247B1A794323004E9259 /* SecondViewController.h */,
				7CFD247C1A794323004E9259 /* SecondViewController.m */,
				7CFD247E1A794323004E9259 /* Main.storyboard */,
				7CFD24811A794323004E9259 /* Images.xcassets */,
				7CFD24831A794323004E9259 /* LaunchScreen.xib */,
				7CFD24711A794323004E9259 /* Supporting Files */,
			);
			path = "Food App";
			sourceTree = "<group>";
		};
		7CFD24711A794323004E9259 /* Supporting Files */ = {
			isa = PBXGroup;
			children = (
				7CFD24721A794323004E9259 /* Info.plist */,
				7CFD24731A794323004E9259 /* main.m */,
			);
			name = "Supporting Files";
			sourceTree = "<group>";
		};
		7CFD248D1A794323004E9259 /* Food AppTests */ = {
			isa = PBXGroup;
			children = (
				7CFD24901A794323004E9259 /* Food_AppTests.m */,
				7CFD248E1A794323004E9259 /* Supporting Files */,
			);
			path = "Food AppTests";
			sourceTree = "<group>";
		};
		7CFD248E1A794323004E9259 /* Supporting Files */ = {
			isa = PBXGroup;
			children = (
				7CFD248F1A794323004E9259 /* Info.plist */,
			);
			name = "Supporting Files";
			sourceTree = "<group>";
		};
/* End PBXGroup section */

/* Begin PBXNativeTarget section */
		7CFD246D1A794323004E9259 /* Food App */ = {
			isa = PBXNativeTarget;
			buildConfigurationList = 7CFD24941A794323004E9259 /* Build configuration list for PBXNativeTarget "Food App" */;
			buildPhases = (
				7CFD246A1A794323004E9259 /* Sources */,
				7CFD246B1A794323004E9259 /* Frameworks */,
				7CFD246C1A794323004E9259 /* Resources */,
			);
			buildRules = (
			);
			dependencies = (
			);
			name = "Food App";
			productName = "Food App";
			productReference = 7CFD246E1A794323004E9259 /* Food App.app */;
			productType = "com.apple.product-type.application";
		};
		7CFD24891A794323004E9259 /* Food AppTests */ = {
			isa = PBXNativeTarget;
			buildConfigurationList = 7CFD24971A794323004E9259 /* Build configuration list for PBXNativeTarget "Food AppTests" */;
			buildPhases = (
				7CFD24861A794323004E9259 /* Sources */,
				7CFD24871A794323004E9259 /* Frameworks */,
				7CFD24881A794323004E9259 /* Resources */,
			);
			buildRules = (
			);
			dependencies = (
				7CFD248C1A794323004E9259 /* PBXTargetDependency */,
			);
			name = "Food AppTests";
			productName = "Food AppTests";
			productReference = 7CFD248A1A794323004E9259 /* Food AppTests.xctest */;
			productType = "com.apple.product-type.bundle.unit-test";
		};
/* End PBXNativeTarget section */

/* Begin PBXProject section */
		7CFD24661A794323004E9259 /* Project object */ = {
			isa = PBXProject;
			attributes = {
				LastUpgradeCheck = 0610;
				ORGANIZATIONNAME = "Lucy Berman";
				TargetAttributes = {
					7CFD246D1A794323004E9259 = {
						CreatedOnToolsVersion = 6.1.1;
					};
					7CFD24891A794323004E9259 = {
						CreatedOnToolsVersion = 6.1.1;
						TestTargetID = 7CFD246D1A794323004E9259;
					};
				};
			};
			buildConfigurationList = 7CFD24691A794323004E9259 /* Build configuration list for PBXProject "Food App" */;
			compatibilityVersion = "Xcode 3.2";
			developmentRegion = English;
			hasScannedForEncodings = 0;
			knownRegions = (
				en,
				Base,
			);
			mainGroup = 7CFD24651A794323004E9259;
			productRefGroup = 7CFD246F1A794323004E9259 /* Products */;
			projectDirPath = "";
			projectRoot = "";
			targets = (
				7CFD246D1A794323004E9259 /* Food App */,
				7CFD24891A794323004E9259 /* Food AppTests */,
			);
		};
/* End PBXProject section */

/* Begin PBXResourcesBuildPhase section */
		7CFD246C1A794323004E9259 /* Resources */ = {
			isa = PBXResourcesBuildPhase;
			buildActionMask = 2147483647;
			files = (
				7CFD24801A794323004E9259 /* Main.storyboard in Resources */,
				7CFD24851A794323004E9259 /* LaunchScreen.xib in Resources */,
				7CFD24821A794323004E9259 /* Images.xcassets in Resources */,
			);
			runOnlyForDeploymentPostprocessing = 0;
		};
		7CFD24881A794323004E9259 /* Resources */ = {
			isa = PBXResourcesBuildPhase;
			buildActionMask = 2147483647;
			files = (
			);
			runOnlyForDeploymentPostprocessing = 0;
		};
/* End PBXResourcesBuildPhase section */

/* Begin PBXSourcesBuildPhase section */
		7CFD246A1A794323004E9259 /* Sources */ = {
			isa = PBXSourcesBuildPhase;
			buildActionMask = 2147483647;
			files = (
				7CFD247D1A794323004E9259 /* SecondViewController.m in Sources */,
				7CFD24771A794323004E9259 /* AppDelegate.m in Sources */,
				7CFD247A1A794323004E9259 /* FirstViewController.m in Sources */,
				7CFD24741A794323004E9259 /* main.m in Sources */,
			);
			runOnlyForDeploymentPostprocessing = 0;
		};
		7CFD24861A794323004E9259 /* Sources */ = {
			isa = PBXSourcesBuildPhase;
			buildActionMask = 2147483647;
			files = (
				7CFD24911A794323004E9259 /* Food_AppTests.m in Sources */,
			);
			runOnlyForDeploymentPostprocessing = 0;
		};
/* End PBXSourcesBuildPhase section */

/* Begin PBXTargetDependency section */
		7CFD248C1A794323004E9259 /* PBXTargetDependency */ = {
			isa = PBXTargetDependency;
			target = 7CFD246D1A794323004E9259 /* Food App */;
			targetProxy = 7CFD248B1A794323004E9259 /* PBXContainerItemProxy */;
		};
/* End PBXTargetDependency section */

/* Begin PBXVariantGroup section */
		7CFD247E1A794323004E9259 /* Main.storyboard */ = {
			isa = PBXVariantGroup;
			children = (
				7CFD247F1A794323004E9259 /* Base */,
			);
			name = Main.storyboard;
			sourceTree = "<group>";
		};
		7CFD24831A794323004E9259 /* LaunchScreen.xib */ = {
			isa = PBXVariantGroup;
			children = (
				7CFD24841A794323004E9259 /* Base */,
			);
			name = LaunchScreen.xib;
			sourceTree = "<group>";
		};
/* End PBXVariantGroup section */

/* Begin XCBuildConfiguration section */
		7CFD24921A794323004E9259 /* Debug */ = {
			isa = XCBuildConfiguration;
			buildSettings = {
				ALWAYS_SEARCH_USER_PATHS = NO;
				CLANG_CXX_LANGUAGE_STANDARD = "gnu++0x";
				CLANG_CXX_LIBRARY = "libc++";
				CLANG_ENABLE_MODULES = YES;
				CLANG_ENABLE_OBJC_ARC = YES;
				CLANG_WARN_BOOL_CONVERSION = YES;
				CLANG_WARN_CONSTANT_CONVERSION = YES;
				CLANG_WARN_DIRECT_OBJC_ISA_USAGE = YES_ERROR;
				CLANG_WARN_EMPTY_BODY = YES;
				CLANG_WARN_ENUM_CONVERSION = YES;
				CLANG_WARN_INT_CONVERSION = YES;
				CLANG_WARN_OBJC_ROOT_CLASS = YES_ERROR;
				CLANG_WARN_UNREACHABLE_CODE = YES;
				CLANG_WARN__DUPLICATE_METHOD_MATCH = YES;
				"CODE_SIGN_IDENTITY[sdk=iphoneos*]" = "iPhone Developer";
				COPY_PHASE_STRIP = NO;
				ENABLE_STRICT_OBJC_MSGSEND = YES;
				GCC_C_LANGUAGE_STANDARD = gnu99;
				GCC_DYNAMIC_NO_PIC = NO;
				GCC_OPTIMIZATION_LEVEL = 0;
				GCC_PREPROCESSOR_DEFINITIONS = (
					"DEBUG=1",
					"$(inherited)",
				);
				GCC_SYMBOLS_PRIVATE_EXTERN = NO;
				GCC_WARN_64_TO_32_BIT_CONVERSION = YES;
				GCC_WARN_ABOUT_RETURN_TYPE = YES_ERROR;
				GCC_WARN_UNDECLARED_SELECTOR = YES;
				GCC_WARN_UNINITIALIZED_AUTOS = YES_AGGRESSIVE;
				GCC_WARN_UNUSED_FUNCTION = YES;
				GCC_WARN_UNUSED_VARIABLE = YES;
				IPHONEOS_DEPLOYMENT_TARGET = 8.1;
				MTL_ENABLE_DEBUG_INFO = YES;
				ONLY_ACTIVE_ARCH = YES;
				SDKROOT = iphoneos;
			};
			name = Debug;
		};
		7CFD24931A794323004E9259 /* Release */ = {
			isa = XCBuildConfiguration;
			buildSettings = {
				ALWAYS_SEARCH_USER_PATHS = NO;
				CLANG_CXX_LANGUAGE_STANDARD = "gnu++0x";
				CLANG_CXX_LIBRARY = "libc++";
				CLANG_ENABLE_MODULES = YES;
				CLANG_ENABLE_OBJC_ARC = YES;
				CLANG_WARN_BOOL_CONVERSION = YES;
				CLANG_WARN_CONSTANT_CONVERSION = YES;
				CLANG_WARN_DIRECT_OBJC_ISA_USAGE = YES_ERROR;
				CLANG_WARN_EMPTY_BODY = YES;
				CLANG_WARN_ENUM_CONVERSION = YES;
				CLANG_WARN_INT_CONVERSION = YES;
				CLANG_WARN_OBJC_ROOT_CLASS = YES_ERROR;
				CLANG_WARN_UNREACHABLE_CODE = YES;
				CLANG_WARN__DUPLICATE_METHOD_MATCH = YES;
				"CODE_SIGN_IDENTITY[sdk=iphoneos*]" = "iPhone Developer";
				COPY_PHASE_STRIP = YES;
				ENABLE_NS_ASSERTIONS = NO;
				ENABLE_STRICT_OBJC_MSGSEND = YES;
				GCC_C_LANGUAGE_STANDARD = gnu99;
				GCC_WARN_64_TO_32_BIT_CONVERSION = YES;
				GCC_WARN_ABOUT_RETURN_TYPE = YES_ERROR;
				GCC_WARN_UNDECLARED_SELECTOR = YES;
				GCC_WARN_UNINITIALIZED_AUTOS = YES_AGGRESSIVE;
				GCC_WARN_UNUSED_FUNCTION = YES;
				GCC_WARN_UNUSED_VARIABLE = YES;
				IPHONEOS_DEPLOYMENT_TARGET = 8.1;
				MTL_ENABLE_DEBUG_INFO = NO;
				SDKROOT = iphoneos;
				VALIDATE_PRODUCT = YES;
			};
			name = Release;
		};
		7CFD24951A794323004E9259 /* Debug */ = {
			isa = XCBuildConfiguration;
			buildSettings = {
				ASSETCATALOG_COMPILER_APPICON_NAME = AppIcon;
				INFOPLIST_FILE = "Food App/Info.plist";
				LD_RUNPATH_SEARCH_PATHS = "$(inherited) @executable_path/Frameworks";
				PRODUCT_NAME = "$(TARGET_NAME)";
			};
			name = Debug;
		};
		7CFD24961A794323004E9259 /* Release */ = {
			isa = XCBuildConfiguration;
			buildSettings = {
				ASSETCATALOG_COMPILER_APPICON_NAME = AppIcon;
				INFOPLIST_FILE = "Food App/Info.plist";
				LD_RUNPATH_SEARCH_PATHS = "$(inherited) @executable_path/Frameworks";
				PRODUCT_NAME = "$(TARGET_NAME)";
			};
			name = Release;
		};
		7CFD24981A794323004E9259 /* Debug */ = {
			isa = XCBuildConfiguration;
			buildSettings = {
				BUNDLE_LOADER = "$(TEST_HOST)";
				FRAMEWORK_SEARCH_PATHS = (
					"$(SDKROOT)/Developer/Library/Frameworks",
					"$(inherited)",
				);
				GCC_PREPROCESSOR_DEFINITIONS = (
					"DEBUG=1",
					"$(inherited)",
				);
				INFOPLIST_FILE = "Food AppTests/Info.plist";
				LD_RUNPATH_SEARCH_PATHS = "$(inherited) @executable_path/Frameworks @loader_path/Frameworks";
				PRODUCT_NAME = "$(TARGET_NAME)";
				TEST_HOST = "$(BUILT_PRODUCTS_DIR)/Food App.app/Food App";
			};
			name = Debug;
		};
		7CFD24991A794323004E9259 /* Release */ = {
			isa = XCBuildConfiguration;
			buildSettings = {
				BUNDLE_LOADER = "$(TEST_HOST)";
				FRAMEWORK_SEARCH_PATHS = (
					"$(SDKROOT)/Developer/Library/Frameworks",
					"$(inherited)",
				);
				INFOPLIST_FILE = "Food AppTests/Info.plist";
				LD_RUNPATH_SEARCH_PATHS = "$(inherited) @executable_path/Frameworks @loader_path/Frameworks";
				PRODUCT_NAME = "$(TARGET_NAME)";
				TEST_HOST = "$(BUILT_PRODUCTS_DIR)/Food App.app/Food App";
			};
			name = Release;
		};
/* End XCBuildConfiguration section */

/* Begin XCConfigurationList section */
		7CFD24691A794323004E9259 /* Build configuration list for PBXProject "Food App" */ = {
			isa = XCConfigurationList;
			buildConfigurations = (
				7CFD24921A794323004E9259 /* Debug */,
				7CFD24931A794323004E9259 /* Release */,
			);
			defaultConfigurationIsVisible = 0;
			defaultConfigurationName = Release;
		};
		7CFD24941A794323004E9259 /* Build configuration list for PBXNativeTarget "Food App" */ = {
			isa = XCConfigurationList;
			buildConfigurations = (
				7CFD24951A794323004E9259 /* Debug */,
				7CFD24961A794323004E9259 /* Release */,
			);
			defaultConfigurationIsVisible = 0;
		};
		7CFD24971A794323004E9259 /* Build configuration list for PBXNativeTarget "Food AppTests" */ = {
			isa = XCConfigurationList;
			buildConfigurations = (
				7CFD24981A794323004E9259 /* Debug */,
				7CFD24991A794323004E9259 /* Release */,
			);
			defaultConfigurationIsVisible = 0;
		};
/* End XCConfigurationList section */
	};
	rootObject = 7CFD24661A794323004E9259 /* Project object */;
}
